
Microsoft Visual Studio Solution File, Format Version 12.00
# Visual Studio Version 17
VisualStudioVersion = 17.0.31903.59
MinimumVisualStudioVersion = 10.0.40219.1
Project("{9A19103F-16F7-4668-BE54-9A1E7A4F7556}") = "Microsoft.Extensions.StorageProviders.Abstractions", "Microsoft.Extensions.StorageProviders.Abstractions\Microsoft.Extensions.StorageProviders.Abstractions.csproj", "{CC0E1AC2-2C8C-48F8-BD6F-3E9480051DAE}"
EndProject
Global
	GlobalSection(SolutionConfigurationPlatforms) = preSolution
		Debug|Any CPU = Debug|Any CPU
		Release|Any CPU = Release|Any CPU
	EndGlobalSection
	GlobalSection(ProjectConfigurationPlatforms) = postSolution
		{CC0E1AC2-2C8C-48F8-BD6F-3E9480051DAE}.Debug|Any CPU.ActiveCfg = Debug|Any CPU
		{CC0E1AC2-2C8C-48F8-BD6F-3E9480051DAE}.Debug|Any CPU.Build.0 = Debug|Any CPU
		{CC0E1AC2-2C8C-48F8-BD6F-3E9480051DAE}.Release|Any CPU.ActiveCfg = Release|Any CPU
		{CC0E1AC2-2C8C-48F8-BD6F-3E9480051DAE}.Release|Any CPU.Build.0 = Release|Any CPU
	EndGlobalSection
	GlobalSection(SolutionProperties) = preSolution
		HideSolutionNode = FALSE
	EndGlobalSection
	GlobalSection(ExtensibilityGlobals) = postSolution
		SolutionGuid = {C08DC47E-69AB-43A3-8B8B-8A985F0B6C53}
	EndGlobalSection
EndGlobal
